
Microsoft Visual Studio Solution File, Format Version 12.00
# Visual Studio Version 16
VisualStudioVersion = 16.0.31005.135
MinimumVisualStudioVersion = 10.0.40219.1
Project("{9A19103F-16F7-4668-BE54-9A1E7A4F7556}") = "Crypto", "Crypto\Crypto.csproj", "{67F4C720-4E49-41D3-812F-A5B5D268E706}"
EndProject
Project("{FAE04EC0-301F-11D3-BF4B-00C04F79EFBC}") = "Crypto.Tests", "Crypto.Tests\Crypto.Tests.csproj", "{80AE55E5-64A1-4016-9F0E-FC16D4E1B746}"
EndProject
Global
	GlobalSection(SolutionConfigurationPlatforms) = preSolution
		Debug|Any CPU = Debug|Any CPU
		Release|Any CPU = Release|Any CPU
	EndGlobalSection
	GlobalSection(ProjectConfigurationPlatforms) = postSolution
		{67F4C720-4E49-41D3-812F-A5B5D268E706}.Debug|Any CPU.ActiveCfg = Debug|Any CPU
		{67F4C720-4E49-41D3-812F-A5B5D268E706}.Debug|Any CPU.Build.0 = Debug|Any CPU
		{67F4C720-4E49-41D3-812F-A5B5D268E706}.Release|Any CPU.ActiveCfg = Release|Any CPU
		{67F4C720-4E49-41D3-812F-A5B5D268E706}.Release|Any CPU.Build.0 = Release|Any CPU
		{80AE55E5-64A1-4016-9F0E-FC16D4E1B746}.Debug|Any CPU.ActiveCfg = Debug|Any CPU
		{80AE55E5-64A1-4016-9F0E-FC16D4E1B746}.Debug|Any CPU.Build.0 = Debug|Any CPU
		{80AE55E5-64A1-4016-9F0E-FC16D4E1B746}.Release|Any CPU.ActiveCfg = Release|Any CPU
		{80AE55E5-64A1-4016-9F0E-FC16D4E1B746}.Release|Any CPU.Build.0 = Release|Any CPU
	EndGlobalSection
	GlobalSection(SolutionProperties) = preSolution
		HideSolutionNode = FALSE
	EndGlobalSection
	GlobalSection(ExtensibilityGlobals) = postSolution
		SolutionGuid = {6FE37CAE-9626-4326-BEC0-12FC029389ED}
	EndGlobalSection
EndGlobal
